{
  "name": "nbiot",
  "version": "1.0.0",
  "lockfileVersion": 1,
  "requires": true,
  "dependencies": {
    "paho.mqtt.js": {
      "version": "2.0.5",
      "resolved": "https://registry.npmjs.org/paho.mqtt.js/-/paho.mqtt.js-2.0.5.tgz",
      "integrity": "sha1-bJcUOimzBBcxeDeICwRkImvpCaM="
    }
  }
}
